
Microsoft Visual Studio Solution File, Format Version 12.00
# Visual Studio Version 17
VisualStudioVersion = 17.8.34511.84
MinimumVisualStudioVersion = 10.0.40219.1
Project("{9A19103F-16F7-4668-BE54-9A1E7A4F7556}") = "BlazorApp", "BlazorApp\BlazorApp.csproj", "{2D7F593D-E184-4D52-9A4F-CB650102C7E2}"
EndProject
Global
	GlobalSection(SolutionConfigurationPlatforms) = preSolution
		Debug|Any CPU = Debug|Any CPU
		Release|Any CPU = Release|Any CPU
	EndGlobalSection
	GlobalSection(ProjectConfigurationPlatforms) = postSolution
		{2D7F593D-E184-4D52-9A4F-CB650102C7E2}.Debug|Any CPU.ActiveCfg = Debug|Any CPU
		{2D7F593D-E184-4D52-9A4F-CB650102C7E2}.Debug|Any CPU.Build.0 = Debug|Any CPU
		{2D7F593D-E184-4D52-9A4F-CB650102C7E2}.Release|Any CPU.ActiveCfg = Release|Any CPU
		{2D7F593D-E184-4D52-9A4F-CB650102C7E2}.Release|Any CPU.Build.0 = Release|Any CPU
	EndGlobalSection
	GlobalSection(SolutionProperties) = preSolution
		HideSolutionNode = FALSE
	EndGlobalSection
	GlobalSection(ExtensibilityGlobals) = postSolution
		SolutionGuid = {999B3900-E7E3-42F3-A6B1-14F741480CB8}
	EndGlobalSection
EndGlobal
